// !$*UTF8*$!
{
	archiveVersion = 1;
	classes = {
	};
	objectVersion = 46;
	objects = {

/* Begin PBXBuildFile section */
		600E27221ACE8D9C0057CDB3 /* LMTLibrary.m in Sources */ = {isa = PBXBuildFile; fileRef = 600E27211ACE8D9C0057CDB3 /* LMTLibrary.m */; };
		600E27251ACE90650057CDB3 /* LMTLibraryTableViewController.m in Sources */ = {isa = PBXBuildFile; fileRef = 600E27241ACE90650057CDB3 /* LMTLibraryTableViewController.m */; };
		600E27291AD149CA0057CDB3 /* LMTBookTableViewCell.m in Sources */ = {isa = PBXBuildFile; fileRef = 600E27271AD149CA0057CDB3 /* LMTBookTableViewCell.m */; };
		600E272A1AD149CA0057CDB3 /* LMTBookTableViewCell.xib in Resources */ = {isa = PBXBuildFile; fileRef = 600E27281AD149CA0057CDB3 /* LMTBookTableViewCell.xib */; };
		600E272D1AD155400057CDB3 /* book_icon.png in Resources */ = {isa = PBXBuildFile; fileRef = 600E272C1AD155400057CDB3 /* book_icon.png */; };
		607088F91AC2D37800E2F953 /* main.m in Sources */ = {isa = PBXBuildFile; fileRef = 607088F81AC2D37800E2F953 /* main.m */; };
		607088FC1AC2D37800E2F953 /* AppDelegate.m in Sources */ = {isa = PBXBuildFile; fileRef = 607088FB1AC2D37800E2F953 /* AppDelegate.m */; };
		607088FE1AC2D37800E2F953 /* Images.xcassets in Resources */ = {isa = PBXBuildFile; fileRef = 607088FD1AC2D37800E2F953 /* Images.xcassets */; };
		607089011AC2D37800E2F953 /* LaunchScreen.xib in Resources */ = {isa = PBXBuildFile; fileRef = 607088FF1AC2D37800E2F953 /* LaunchScreen.xib */; };
		6070890D1AC2D37800E2F953 /* HackerBooksTests.m in Sources */ = {isa = PBXBuildFile; fileRef = 6070890C1AC2D37800E2F953 /* HackerBooksTests.m */; };
		607089181AC2D44100E2F953 /* LMTBook.m in Sources */ = {isa = PBXBuildFile; fileRef = 607089171AC2D44100E2F953 /* LMTBook.m */; };
		6070891D1AC2D7D400E2F953 /* LMTBookViewController.m in Sources */ = {isa = PBXBuildFile; fileRef = 6070891B1AC2D7D400E2F953 /* LMTBookViewController.m */; };
		6070891E1AC2D7D400E2F953 /* LMTBookViewController.xib in Resources */ = {isa = PBXBuildFile; fileRef = 6070891C1AC2D7D400E2F953 /* LMTBookViewController.xib */; };
		607089231AC33B7500E2F953 /* LMTSimplePDFViewController.m in Sources */ = {isa = PBXBuildFile; fileRef = 607089211AC33B7500E2F953 /* LMTSimplePDFViewController.m */; };
		607089241AC33B7500E2F953 /* LMTSimplePDFViewController.xib in Resources */ = {isa = PBXBuildFile; fileRef = 607089221AC33B7500E2F953 /* LMTSimplePDFViewController.xib */; };
		60B83B801AD16F70003C3FE4 /* LMTBookViewControlleriPhone.xib in Resources */ = {isa = PBXBuildFile; fileRef = 60B83B7F1AD16F70003C3FE4 /* LMTBookViewControlleriPhone.xib */; };
/* End PBXBuildFile section */

/* Begin PBXContainerItemProxy section */
		607089071AC2D37800E2F953 /* PBXContainerItemProxy */ = {
			isa = PBXContainerItemProxy;
			containerPortal = 607088EB1AC2D37800E2F953 /* Project object */;
			proxyType = 1;
			remoteGlobalIDString = 607088F21AC2D37800E2F953;
			remoteInfo = HackerBooks;
		};
/* End PBXContainerItemProxy section */

/* Begin PBXFileReference section */
		600E27201ACE8D9C0057CDB3 /* LMTLibrary.h */ = {isa = PBXFileReference; fileEncoding = 4; lastKnownFileType = sourcecode.c.h; path = LMTLibrary.h; sourceTree = "<group>"; };
		600E27211ACE8D9C0057CDB3 /* LMTLibrary.m */ = {isa = PBXFileReference; fileEncoding = 4; lastKnownFileType = sourcecode.c.objc; path = LMTLibrary.m; sourceTree = "<group>"; };
		600E27231ACE90650057CDB3 /* LMTLibraryTableViewController.h */ = {isa = PBXFileReference; fileEncoding = 4; lastKnownFileType = sourcecode.c.h; path = LMTLibraryTableViewController.h; sourceTree = "<group>"; };
		600E27241ACE90650057CDB3 /* LMTLibraryTableViewController.m */ = {isa = PBXFileReference; fileEncoding = 4; lastKnownFileType = sourcecode.c.objc; path = LMTLibraryTableViewController.m; sourceTree = "<group>"; };
		600E27261AD149CA0057CDB3 /* LMTBookTableViewCell.h */ = {isa = PBXFileReference; fileEncoding = 4; lastKnownFileType = sourcecode.c.h; path = LMTBookTableViewCell.h; sourceTree = "<group>"; };
		600E27271AD149CA0057CDB3 /* LMTBookTableViewCell.m */ = {isa = PBXFileReference; fileEncoding = 4; lastKnownFileType = sourcecode.c.objc; path = LMTBookTableViewCell.m; sourceTree = "<group>"; };
		600E27281AD149CA0057CDB3 /* LMTBookTableViewCell.xib */ = {isa = PBXFileReference; fileEncoding = 4; lastKnownFileType = file.xib; path = LMTBookTableViewCell.xib; sourceTree = "<group>"; };
		600E272C1AD155400057CDB3 /* book_icon.png */ = {isa = PBXFileReference; lastKnownFileType = image.png; path = book_icon.png; sourceTree = "<group>"; };
		607088F31AC2D37800E2F953 /* HackerBooks.app */ = {isa = PBXFileReference; explicitFileType = wrapper.application; includeInIndex = 0; path = HackerBooks.app; sourceTree = BUILT_PRODUCTS_DIR; };
		607088F71AC2D37800E2F953 /* Info.plist */ = {isa = PBXFileReference; lastKnownFileType = text.plist.xml; path = Info.plist; sourceTree = "<group>"; };
		607088F81AC2D37800E2F953 /* main.m */ = {isa = PBXFileReference; lastKnownFileType = sourcecode.c.objc; path = main.m; sourceTree = "<group>"; };
		607088FA1AC2D37800E2F953 /* AppDelegate.h */ = {isa = PBXFileReference; lastKnownFileType = sourcecode.c.h; path = AppDelegate.h; sourceTree = "<group>"; };
		607088FB1AC2D37800E2F953 /* AppDelegate.m */ = {isa = PBXFileReference; lastKnownFileType = sourcecode.c.objc; path = AppDelegate.m; sourceTree = "<group>"; };
		607088FD1AC2D37800E2F953 /* Images.xcassets */ = {isa = PBXFileReference; lastKnownFileType = folder.assetcatalog; path = Images.xcassets; sourceTree = "<group>"; };
		607089001AC2D37800E2F953 /* Base */ = {isa = PBXFileReference; lastKnownFileType = file.xib; name = Base; path = Base.lproj/LaunchScreen.xib; sourceTree = "<group>"; };
		607089061AC2D37800E2F953 /* HackerBooksTests.xctest */ = {isa = PBXFileReference; explicitFileType = wrapper.cfbundle; includeInIndex = 0; path = HackerBooksTests.xctest; sourceTree = BUILT_PRODUCTS_DIR; };
		6070890B1AC2D37800E2F953 /* Info.plist */ = {isa = PBXFileReference; lastKnownFileType = text.plist.xml; path = Info.plist; sourceTree = "<group>"; };
		6070890C1AC2D37800E2F953 /* HackerBooksTests.m */ = {isa = PBXFileReference; lastKnownFileType = sourcecode.c.objc; path = HackerBooksTests.m; sourceTree = "<group>"; };
		607089161AC2D44100E2F953 /* LMTBook.h */ = {isa = PBXFileReference; fileEncoding = 4; lastKnownFileType = sourcecode.c.h; path = LMTBook.h; sourceTree = "<group>"; };
		607089171AC2D44100E2F953 /* LMTBook.m */ = {isa = PBXFileReference; fileEncoding = 4; lastKnownFileType = sourcecode.c.objc; path = LMTBook.m; sourceTree = "<group>"; };
		6070891A1AC2D7D400E2F953 /* LMTBookViewController.h */ = {isa = PBXFileReference; fileEncoding = 4; lastKnownFileType = sourcecode.c.h; path = LMTBookViewController.h; sourceTree = "<group>"; };
		6070891B1AC2D7D400E2F953 /* LMTBookViewController.m */ = {isa = PBXFileReference; fileEncoding = 4; lastKnownFileType = sourcecode.c.objc; path = LMTBookViewController.m; sourceTree = "<group>"; };
		6070891C1AC2D7D400E2F953 /* LMTBookViewController.xib */ = {isa = PBXFileReference; fileEncoding = 4; lastKnownFileType = file.xib; path = LMTBookViewController.xib; sourceTree = "<group>"; };
		607089201AC33B7500E2F953 /* LMTSimplePDFViewController.h */ = {isa = PBXFileReference; fileEncoding = 4; lastKnownFileType = sourcecode.c.h; path = LMTSimplePDFViewController.h; sourceTree = "<group>"; };
		607089211AC33B7500E2F953 /* LMTSimplePDFViewController.m */ = {isa = PBXFileReference; fileEncoding = 4; lastKnownFileType = sourcecode.c.objc; path = LMTSimplePDFViewController.m; sourceTree = "<group>"; };
		607089221AC33B7500E2F953 /* LMTSimplePDFViewController.xib */ = {isa = PBXFileReference; fileEncoding = 4; lastKnownFileType = file.xib; path = LMTSimplePDFViewController.xib; sourceTree = "<group>"; };
		60B83B7F1AD16F70003C3FE4 /* LMTBookViewControlleriPhone.xib */ = {isa = PBXFileReference; fileEncoding = 4; lastKnownFileType = file.xib; path = LMTBookViewControlleriPhone.xib; sourceTree = "<group>"; };
/* End PBXFileReference section */

/* Begin PBXFrameworksBuildPhase section */
		607088F01AC2D37800E2F953 /* Frameworks */ = {
			isa = PBXFrameworksBuildPhase;
			buildActionMask = 2147483647;
			files = (
			);
			runOnlyForDeploymentPostprocessing = 0;
		};
		607089031AC2D37800E2F953 /* Frameworks */ = {
			isa = PBXFrameworksBuildPhase;
			buildActionMask = 2147483647;
			files = (
			);
			runOnlyForDeploymentPostprocessing = 0;
		};
/* End PBXFrameworksBuildPhase section */

/* Begin PBXGroup section */
		600E272B1AD149E60057CDB3 /* CustomCell */ = {
			isa = PBXGroup;
			children = (
				600E27261AD149CA0057CDB3 /* LMTBookTableViewCell.h */,
				600E27271AD149CA0057CDB3 /* LMTBookTableViewCell.m */,
				600E27281AD149CA0057CDB3 /* LMTBookTableViewCell.xib */,
			);
			name = CustomCell;
			sourceTree = "<group>";
		};
		600E272E1AD155470057CDB3 /* Resources */ = {
			isa = PBXGroup;
			children = (
				600E272C1AD155400057CDB3 /* book_icon.png */,
			);
			name = Resources;
			sourceTree = "<group>";
		};
		607088EA1AC2D37800E2F953 = {
			isa = PBXGroup;
			children = (
				607088F51AC2D37800E2F953 /* HackerBooks */,
				607089091AC2D37800E2F953 /* HackerBooksTests */,
				607088F41AC2D37800E2F953 /* Products */,
			);
			sourceTree = "<group>";
		};
		607088F41AC2D37800E2F953 /* Products */ = {
			isa = PBXGroup;
			children = (
				607088F31AC2D37800E2F953 /* HackerBooks.app */,
				607089061AC2D37800E2F953 /* HackerBooksTests.xctest */,
			);
			name = Products;
			sourceTree = "<group>";
		};
		607088F51AC2D37800E2F953 /* HackerBooks */ = {
			isa = PBXGroup;
			children = (
				600E272E1AD155470057CDB3 /* Resources */,
				600E272B1AD149E60057CDB3 /* CustomCell */,
				607089191AC2D44D00E2F953 /* Models */,
				6070891F1AC2D7DD00E2F953 /* Controllers */,
				607088FA1AC2D37800E2F953 /* AppDelegate.h */,
				607088FB1AC2D37800E2F953 /* AppDelegate.m */,
				607088FD1AC2D37800E2F953 /* Images.xcassets */,
				607088FF1AC2D37800E2F953 /* LaunchScreen.xib */,
				607088F61AC2D37800E2F953 /* Supporting Files */,
			);
			path = HackerBooks;
			sourceTree = "<group>";
		};
		607088F61AC2D37800E2F953 /* Supporting Files */ = {
			isa = PBXGroup;
			children = (
				607088F71AC2D37800E2F953 /* Info.plist */,
				607088F81AC2D37800E2F953 /* main.m */,
			);
			name = "Supporting Files";
			sourceTree = "<group>";
		};
		607089091AC2D37800E2F953 /* HackerBooksTests */ = {
			isa = PBXGroup;
			children = (
				6070890C1AC2D37800E2F953 /* HackerBooksTests.m */,
				6070890A1AC2D37800E2F953 /* Supporting Files */,
			);
			path = HackerBooksTests;
			sourceTree = "<group>";
		};
		6070890A1AC2D37800E2F953 /* Supporting Files */ = {
			isa = PBXGroup;
			children = (
				6070890B1AC2D37800E2F953 /* Info.plist */,
			);
			name = "Supporting Files";
			sourceTree = "<group>";
		};
		607089191AC2D44D00E2F953 /* Models */ = {
			isa = PBXGroup;
			children = (
				607089161AC2D44100E2F953 /* LMTBook.h */,
				607089171AC2D44100E2F953 /* LMTBook.m */,
				600E27201ACE8D9C0057CDB3 /* LMTLibrary.h */,
				600E27211ACE8D9C0057CDB3 /* LMTLibrary.m */,
			);
			name = Models;
			sourceTree = "<group>";
		};
		6070891F1AC2D7DD00E2F953 /* Controllers */ = {
			isa = PBXGroup;
			children = (
				6070891A1AC2D7D400E2F953 /* LMTBookViewController.h */,
				6070891B1AC2D7D400E2F953 /* LMTBookViewController.m */,
				6070891C1AC2D7D400E2F953 /* LMTBookViewController.xib */,
				60B83B7F1AD16F70003C3FE4 /* LMTBookViewControlleriPhone.xib */,
				607089201AC33B7500E2F953 /* LMTSimplePDFViewController.h */,
				607089211AC33B7500E2F953 /* LMTSimplePDFViewController.m */,
				607089221AC33B7500E2F953 /* LMTSimplePDFViewController.xib */,
				600E27231ACE90650057CDB3 /* LMTLibraryTableViewController.h */,
				600E27241ACE90650057CDB3 /* LMTLibraryTableViewController.m */,
			);
			name = Controllers;
			path = ..;
			sourceTree = "<group>";
		};
/* End PBXGroup section */

/* Begin PBXNativeTarget section */
		607088F21AC2D37800E2F953 /* HackerBooks */ = {
			isa = PBXNativeTarget;
			buildConfigurationList = 607089101AC2D37800E2F953 /* Build configuration list for PBXNativeTarget "HackerBooks" */;
			buildPhases = (
				607088EF1AC2D37800E2F953 /* Sources */,
				607088F01AC2D37800E2F953 /* Frameworks */,
				607088F11AC2D37800E2F953 /* Resources */,
			);
			buildRules = (
			);
			dependencies = (
			);
			name = HackerBooks;
			productName = HackerBooks;
			productReference = 607088F31AC2D37800E2F953 /* HackerBooks.app */;
			productType = "com.apple.product-type.application";
		};
		607089051AC2D37800E2F953 /* HackerBooksTests */ = {
			isa = PBXNativeTarget;
			buildConfigurationList = 607089131AC2D37800E2F953 /* Build configuration list for PBXNativeTarget "HackerBooksTests" */;
			buildPhases = (
				607089021AC2D37800E2F953 /* Sources */,
				607089031AC2D37800E2F953 /* Frameworks */,
				607089041AC2D37800E2F953 /* Resources */,
			);
			buildRules = (
			);
			dependencies = (
				607089081AC2D37800E2F953 /* PBXTargetDependency */,
			);
			name = HackerBooksTests;
			productName = HackerBooksTests;
			productReference = 607089061AC2D37800E2F953 /* HackerBooksTests.xctest */;
			productType = "com.apple.product-type.bundle.unit-test";
		};
/* End PBXNativeTarget section */

/* Begin PBXProject section */
		607088EB1AC2D37800E2F953 /* Project object */ = {
			isa = PBXProject;
			attributes = {
				LastUpgradeCheck = 0620;
				ORGANIZATIONNAME = "Luis M Tolosana Simon";
				TargetAttributes = {
					607088F21AC2D37800E2F953 = {
						CreatedOnToolsVersion = 6.2;
					};
					607089051AC2D37800E2F953 = {
						CreatedOnToolsVersion = 6.2;
						TestTargetID = 607088F21AC2D37800E2F953;
					};
				};
			};
			buildConfigurationList = 607088EE1AC2D37800E2F953 /* Build configuration list for PBXProject "HackerBooks" */;
			compatibilityVersion = "Xcode 3.2";
			developmentRegion = English;
			hasScannedForEncodings = 0;
			knownRegions = (
				en,
				Base,
			);
			mainGroup = 607088EA1AC2D37800E2F953;
			productRefGroup = 607088F41AC2D37800E2F953 /* Products */;
			projectDirPath = "";
			projectRoot = "";
			targets = (
				607088F21AC2D37800E2F953 /* HackerBooks */,
				607089051AC2D37800E2F953 /* HackerBooksTests */,
			);
		};
/* End PBXProject section */

/* Begin PBXResourcesBuildPhase section */
		607088F11AC2D37800E2F953 /* Resources */ = {
			isa = PBXResourcesBuildPhase;
			buildActionMask = 2147483647;
			files = (
				6070891E1AC2D7D400E2F953 /* LMTBookViewController.xib in Resources */,
				60B83B801AD16F70003C3FE4 /* LMTBookViewControlleriPhone.xib in Resources */,
				600E272D1AD155400057CDB3 /* book_icon.png in Resources */,
				600E272A1AD149CA0057CDB3 /* LMTBookTableViewCell.xib in Resources */,
				607089011AC2D37800E2F953 /* LaunchScreen.xib in Resources */,
				607088FE1AC2D37800E2F953 /* Images.xcassets in Resources */,
				607089241AC33B7500E2F953 /* LMTSimplePDFViewController.xib in Resources */,
			);
			runOnlyForDeploymentPostprocessing = 0;
		};
		607089041AC2D37800E2F953 /* Resources */ = {
			isa = PBXResourcesBuildPhase;
			buildActionMask = 2147483647;
			files = (
			);
			runOnlyForDeploymentPostprocessing = 0;
		};
/* End PBXResourcesBuildPhase section */

/* Begin PBXSourcesBuildPhase section */
		607088EF1AC2D37800E2F953 /* Sources */ = {
			isa = PBXSourcesBuildPhase;
			buildActionMask = 2147483647;
			files = (
				607088FC1AC2D37800E2F953 /* AppDelegate.m in Sources */,
				6070891D1AC2D7D400E2F953 /* LMTBookViewController.m in Sources */,
				607089231AC33B7500E2F953 /* LMTSimplePDFViewController.m in Sources */,
				600E27221ACE8D9C0057CDB3 /* LMTLibrary.m in Sources */,
				600E27291AD149CA0057CDB3 /* LMTBookTableViewCell.m in Sources */,
				607089181AC2D44100E2F953 /* LMTBook.m in Sources */,
				600E27251ACE90650057CDB3 /* LMTLibraryTableViewController.m in Sources */,
				607088F91AC2D37800E2F953 /* main.m in Sources */,
			);
			runOnlyForDeploymentPostprocessing = 0;
		};
		607089021AC2D37800E2F953 /* Sources */ = {
			isa = PBXSourcesBuildPhase;
			buildActionMask = 2147483647;
			files = (
				6070890D1AC2D37800E2F953 /* HackerBooksTests.m in Sources */,
			);
			runOnlyForDeploymentPostprocessing = 0;
		};
/* End PBXSourcesBuildPhase section */

/* Begin PBXTargetDependency section */
		607089081AC2D37800E2F953 /* PBXTargetDependency */ = {
			isa = PBXTargetDependency;
			target = 607088F21AC2D37800E2F953 /* HackerBooks */;
			targetProxy = 607089071AC2D37800E2F953 /* PBXContainerItemProxy */;
		};
/* End PBXTargetDependency section */

/* Begin PBXVariantGroup section */
		607088FF1AC2D37800E2F953 /* LaunchScreen.xib */ = {
			isa = PBXVariantGroup;
			children = (
				607089001AC2D37800E2F953 /* Base */,
			);
			name = LaunchScreen.xib;
			sourceTree = "<group>";
		};
/* End PBXVariantGroup section */

/* Begin XCBuildConfiguration section */
		6070890E1AC2D37800E2F953 /* Debug */ = {
			isa = XCBuildConfiguration;
			buildSettings = {
				ALWAYS_SEARCH_USER_PATHS = NO;
				CLANG_CXX_LANGUAGE_STANDARD = "gnu++0x";
				CLANG_CXX_LIBRARY = "libc++";
				CLANG_ENABLE_MODULES = YES;
				CLANG_ENABLE_OBJC_ARC = YES;
				CLANG_WARN_BOOL_CONVERSION = YES;
				CLANG_WARN_CONSTANT_CONVERSION = YES;
				CLANG_WARN_DIRECT_OBJC_ISA_USAGE = YES_ERROR;
				CLANG_WARN_EMPTY_BODY = YES;
				CLANG_WARN_ENUM_CONVERSION = YES;
				CLANG_WARN_INT_CONVERSION = YES;
				CLANG_WARN_OBJC_ROOT_CLASS = YES_ERROR;
				CLANG_WARN_UNREACHABLE_CODE = YES;
				CLANG_WARN__DUPLICATE_METHOD_MATCH = YES;
				"CODE_SIGN_IDENTITY[sdk=iphoneos*]" = "iPhone Developer";
				COPY_PHASE_STRIP = NO;
				ENABLE_STRICT_OBJC_MSGSEND = YES;
				GCC_C_LANGUAGE_STANDARD = gnu99;
				GCC_DYNAMIC_NO_PIC = NO;
				GCC_OPTIMIZATION_LEVEL = 0;
				GCC_PREPROCESSOR_DEFINITIONS = (
					"DEBUG=1",
					"$(inherited)",
				);
				GCC_SYMBOLS_PRIVATE_EXTERN = NO;
				GCC_WARN_64_TO_32_BIT_CONVERSION = YES;
				GCC_WARN_ABOUT_RETURN_TYPE = YES_ERROR;
				GCC_WARN_UNDECLARED_SELECTOR = YES;
				GCC_WARN_UNINITIALIZED_AUTOS = YES_AGGRESSIVE;
				GCC_WARN_UNUSED_FUNCTION = YES;
				GCC_WARN_UNUSED_VARIABLE = YES;
				IPHONEOS_DEPLOYMENT_TARGET = 8.2;
				MTL_ENABLE_DEBUG_INFO = YES;
				ONLY_ACTIVE_ARCH = YES;
				SDKROOT = iphoneos;
				TARGETED_DEVICE_FAMILY = 2;
			};
			name = Debug;
		};
		6070890F1AC2D37800E2F953 /* Release */ = {
			isa = XCBuildConfiguration;
			buildSettings = {
				ALWAYS_SEARCH_USER_PATHS = NO;
				CLANG_CXX_LANGUAGE_STANDARD = "gnu++0x";
				CLANG_CXX_LIBRARY = "libc++";
				CLANG_ENABLE_MODULES = YES;
				CLANG_ENABLE_OBJC_ARC = YES;
				CLANG_WARN_BOOL_CONVERSION = YES;
				CLANG_WARN_CONSTANT_CONVERSION = YES;
				CLANG_WARN_DIRECT_OBJC_ISA_USAGE = YES_ERROR;
				CLANG_WARN_EMPTY_BODY = YES;
				CLANG_WARN_ENUM_CONVERSION = YES;
				CLANG_WARN_INT_CONVERSION = YES;
				CLANG_WARN_OBJC_ROOT_CLASS = YES_ERROR;
				CLANG_WARN_UNREACHABLE_CODE = YES;
				CLANG_WARN__DUPLICATE_METHOD_MATCH = YES;
				"CODE_SIGN_IDENTITY[sdk=iphoneos*]" = "iPhone Developer";
				COPY_PHASE_STRIP = NO;
				ENABLE_NS_ASSERTIONS = NO;
				ENABLE_STRICT_OBJC_MSGSEND = YES;
				GCC_C_LANGUAGE_STANDARD = gnu99;
				GCC_WARN_64_TO_32_BIT_CONVERSION = YES;
				GCC_WARN_ABOUT_RETURN_TYPE = YES_ERROR;
				GCC_WARN_UNDECLARED_SELECTOR = YES;
				GCC_WARN_UNINITIALIZED_AUTOS = YES_AGGRESSIVE;
				GCC_WARN_UNUSED_FUNCTION = YES;
				GCC_WARN_UNUSED_VARIABLE = YES;
				IPHONEOS_DEPLOYMENT_TARGET = 8.2;
				MTL_ENABLE_DEBUG_INFO = NO;
				SDKROOT = iphoneos;
				TARGETED_DEVICE_FAMILY = 2;
				VALIDATE_PRODUCT = YES;
			};
			name = Release;
		};
		607089111AC2D37800E2F953 /* Debug */ = {
			isa = XCBuildConfiguration;
			buildSettings = {
				ASSETCATALOG_COMPILER_APPICON_NAME = AppIcon;
				INFOPLIST_FILE = HackerBooks/Info.plist;
				LD_RUNPATH_SEARCH_PATHS = "$(inherited) @executable_path/Frameworks";
				PRODUCT_NAME = "$(TARGET_NAME)";
				TARGETED_DEVICE_FAMILY = "1,2";
			};
			name = Debug;
		};
		607089121AC2D37800E2F953 /* Release */ = {
			isa = XCBuildConfiguration;
			buildSettings = {
				ASSETCATALOG_COMPILER_APPICON_NAME = AppIcon;
				INFOPLIST_FILE = HackerBooks/Info.plist;
				LD_RUNPATH_SEARCH_PATHS = "$(inherited) @executable_path/Frameworks";
				PRODUCT_NAME = "$(TARGET_NAME)";
				TARGETED_DEVICE_FAMILY = "1,2";
			};
			name = Release;
		};
		607089141AC2D37800E2F953 /* Debug */ = {
			isa = XCBuildConfiguration;
			buildSettings = {
				BUNDLE_LOADER = "$(TEST_HOST)";
				FRAMEWORK_SEARCH_PATHS = (
					"$(SDKROOT)/Developer/Library/Frameworks",
					"$(inherited)",
				);
				GCC_PREPROCESSOR_DEFINITIONS = (
					"DEBUG=1",
					"$(inherited)",
				);
				INFOPLIST_FILE = HackerBooksTests/Info.plist;
				LD_RUNPATH_SEARCH_PATHS = "$(inherited) @executable_path/Frameworks @loader_path/Frameworks";
				PRODUCT_NAME = "$(TARGET_NAME)";
				TEST_HOST = "$(BUILT_PRODUCTS_DIR)/HackerBooks.app/HackerBooks";
			};
			name = Debug;
		};
		607089151AC2D37800E2F953 /* Release */ = {
			isa = XCBuildConfiguration;
			buildSettings = {
				BUNDLE_LOADER = "$(TEST_HOST)";
				FRAMEWORK_SEARCH_PATHS = (
					"$(SDKROOT)/Developer/Library/Frameworks",
					"$(inherited)",
				);
				INFOPLIST_FILE = HackerBooksTests/Info.plist;
				LD_RUNPATH_SEARCH_PATHS = "$(inherited) @executable_path/Frameworks @loader_path/Frameworks";
				PRODUCT_NAME = "$(TARGET_NAME)";
				TEST_HOST = "$(BUILT_PRODUCTS_DIR)/HackerBooks.app/HackerBooks";
			};
			name = Release;
		};
/* End XCBuildConfiguration section */

/* Begin XCConfigurationList section */
		607088EE1AC2D37800E2F953 /* Build configuration list for PBXProject "HackerBooks" */ = {
			isa = XCConfigurationList;
			buildConfigurations = (
				6070890E1AC2D37800E2F953 /* Debug */,
				6070890F1AC2D37800E2F953 /* Release */,
			);
			defaultConfigurationIsVisible = 0;
			defaultConfigurationName = Release;
		};
		607089101AC2D37800E2F953 /* Build configuration list for PBXNativeTarget "HackerBooks" */ = {
			isa = XCConfigurationList;
			buildConfigurations = (
				607089111AC2D37800E2F953 /* Debug */,
				607089121AC2D37800E2F953 /* Release */,
			);
			defaultConfigurationIsVisible = 0;
			defaultConfigurationName = Release;
		};
		607089131AC2D37800E2F953 /* Build configuration list for PBXNativeTarget "HackerBooksTests" */ = {
			isa = XCConfigurationList;
			buildConfigurations = (
				607089141AC2D37800E2F953 /* Debug */,
				607089151AC2D37800E2F953 /* Release */,
			);
			defaultConfigurationIsVisible = 0;
			defaultConfigurationName = Release;
		};
/* End XCConfigurationList section */
	};
	rootObject = 607088EB1AC2D37800E2F953 /* Project object */;
}
